
Microsoft Visual Studio Solution File, Format Version 12.00
# Visual Studio Version 16
VisualStudioVersion = 16.0.31410.357
MinimumVisualStudioVersion = 10.0.40219.1
Project("{9A19103F-16F7-4668-BE54-9A1E7A4F7556}") = "SYFIX", "SYFIX\SYFIX.csproj", "{CACC081B-E280-446D-B9F5-1B539552B747}"
EndProject
Global
	GlobalSection(SolutionConfigurationPlatforms) = preSolution
		Debug|Any CPU = Debug|Any CPU
		Release|Any CPU = Release|Any CPU
	EndGlobalSection
	GlobalSection(ProjectConfigurationPlatforms) = postSolution
		{CACC081B-E280-446D-B9F5-1B539552B747}.Debug|Any CPU.ActiveCfg = Debug|Any CPU
		{CACC081B-E280-446D-B9F5-1B539552B747}.Debug|Any CPU.Build.0 = Debug|Any CPU
		{CACC081B-E280-446D-B9F5-1B539552B747}.Release|Any CPU.ActiveCfg = Release|Any CPU
		{CACC081B-E280-446D-B9F5-1B539552B747}.Release|Any CPU.Build.0 = Release|Any CPU
	EndGlobalSection
	GlobalSection(SolutionProperties) = preSolution
		HideSolutionNode = FALSE
	EndGlobalSection
	GlobalSection(ExtensibilityGlobals) = postSolution
		SolutionGuid = {259C589C-FA10-4469-8A8D-82410CD213A6}
	EndGlobalSection
EndGlobal
